{
  "_readme": [
    "This file locks the dependencies of your project to a known state",
    "Read more about it at https://getcomposer.org/doc/01-basic-usage.md#installing-dependencies",
    "This file is @generated automatically"
  ],
  "content-hash": "d1709081a6671f8a06854fccd645d4bd",
  "packages": [
    {
      "name": "phpmicroservice/funch",
      "version": "0.0.2",
      "source": {
        "type": "git",
        "url": "https://github.com/phpmicroservice/funch.git",
        "reference": "4cc72d19c3acafc6dbfc875bba1c08067020b641"
      },
      "dist": {
        "type": "zip",
        "url": "https://api.github.com/repos/phpmicroservice/funch/zipball/4cc72d19c3acafc6dbfc875bba1c08067020b641",
        "reference": "4cc72d19c3acafc6dbfc875bba1c08067020b641",
        "shasum": ""
      },
      "require": {
        "php": ">7"
      },
      "type": "library",
      "autoload": {
        "psr-4": {
          "funch\\": "src/"
        }
      },
      "notification-url": "https://packagist.org/downloads/",
      "license": [
        "MIT"
      ],
      "authors": [
        {
          "name": "Dongasai",
          "email": "1514582970@qq.com",
          "homepage": "http://www.2xso.com",
          "role": "Creator"
        }
      ],
      "description": "PHP的基础函数的增强版本或补充功能",
      "homepage": "https://github.com/phpmicroservice/funch",
      "keywords": [
        "function",
        "lodash",
        "method"
      ],
      "time": "2018-04-10T00:51:12+00:00"
    },
    {
      "name": "phpmicroservice/pms-frame",
      "version": "0.2.11",
      "source": {
        "type": "git",
        "url": "https://github.com/phpmicroservice/pms.git",
        "reference": "6c28f49d8423f4f328919b7cf100b7e230b501a5"
      },
      "dist": {
        "type": "zip",
        "url": "https://api.github.com/repos/phpmicroservice/pms/zipball/6c28f49d8423f4f328919b7cf100b7e230b501a5",
        "reference": "6c28f49d8423f4f328919b7cf100b7e230b501a5",
        "shasum": ""
      },
      "require": {
        "ext-phalcon": "3.1.*",
        "ext-swoole": ">=2.1",
        "php": ">7.1",
        "phpmicroservice/funch": "0.*"
      },
      "require-dev": {
        "eaglewu/swoole-ide-helper": "dev-master@dev"
      },
      "type": "project",
      "autoload": {
        "psr-4": {
          "pms\\": "src/"
        },
        "files": [
          "src/index.php"
        ]
      },
      "notification-url": "https://packagist.org/downloads/",
      "license": [
        "MIT"
      ],
      "authors": [
        {
          "name": "Dongasai",
          "email": "1514582970@qq.com",
          "homepage": "http://www.2xso.com",
          "role": "Creator"
        }
      ],
      "description": "一个采用Swoole做底层,采用Phalcon作为框架类库的微服务框架",
      "homepage": "http://pms.2xso.com",
      "keywords": [
        "Microservice",
        "phalcon",
        "swoole",
        "tcp",
        "websockect"
      ],
      "time": "2018-04-26T05:01:50+00:00"
    }
  ],
  "packages-dev": [],
  "aliases": [],
  "minimum-stability": "stable",
  "stability-flags": [],
  "prefer-stable": false,
  "prefer-lowest": false,
  "platform": [],
  "platform-dev": []
}
